
Microsoft Visual Studio Solution File, Format Version 12.00
# Visual Studio Version 17
VisualStudioVersion = 17.6.33723.286
MinimumVisualStudioVersion = 10.0.40219.1
Project("{FAE04EC0-301F-11D3-BF4B-00C04F79EFBC}") = "MvcMovie", "MvcMovie\MvcMovie.csproj", "{F72424A0-0A57-4E03-B4DD-9F2CE0B3ED57}"
EndProject
Global
	GlobalSection(SolutionConfigurationPlatforms) = preSolution
		Debug|Any CPU = Debug|Any CPU
		Release|Any CPU = Release|Any CPU
	EndGlobalSection
	GlobalSection(ProjectConfigurationPlatforms) = postSolution
		{F72424A0-0A57-4E03-B4DD-9F2CE0B3ED57}.Debug|Any CPU.ActiveCfg = Debug|Any CPU
		{F72424A0-0A57-4E03-B4DD-9F2CE0B3ED57}.Debug|Any CPU.Build.0 = Debug|Any CPU
		{F72424A0-0A57-4E03-B4DD-9F2CE0B3ED57}.Release|Any CPU.ActiveCfg = Release|Any CPU
		{F72424A0-0A57-4E03-B4DD-9F2CE0B3ED57}.Release|Any CPU.Build.0 = Release|Any CPU
	EndGlobalSection
	GlobalSection(SolutionProperties) = preSolution
		HideSolutionNode = FALSE
	EndGlobalSection
	GlobalSection(ExtensibilityGlobals) = postSolution
		SolutionGuid = {4A23DE70-8DC9-487B-837E-43B15CA1518B}
	EndGlobalSection
EndGlobal
